PODS:
  - Alamofire (4.7.2)
  - Crashlytics (3.10.3):
    - Fabric (~> 1.7.8)
  - Down (0.5.2)
  - Fabric (1.7.8)
  - FlatButton (1.4)
  - Kingfisher (4.8.0)
  - MASPreferences (1.3)
  - MASShortcut (2.3.6)
  - Moya (11.0.2):
    - Moya/Core (= 11.0.2)
  - Moya/Core (11.0.2):
    - Alamofire (~> 4.1)
    - Result (~> 3.0)
  - OAuthSwift (1.2.2)
  - ObjectMapper (3.3.0)
  - ReachabilitySwift (4.1.0)
  - Result (3.2.4)
  - SnapKit (4.0.0)
  - SQLite.swift (0.11.5):
    - SQLite.swift/standard (= 0.11.5)
  - SQLite.swift/standard (0.11.5)
  - SwiftDate (4.5.1)
  - SwiftyBeaver (1.6.0)
  - SwiftyJSON (4.1.0)
  - Zip (1.1.0)

DEPENDENCIES:
  - Alamofire
  - Crashlytics
  - Down
  - Fabric
  - FlatButton (from `https://github.com/OskarGroth/FlatButton.git`)
  - Kingfisher
  - MASPreferences
  - MASShortcut
  - Moya
  - OAuthSwift
  - ObjectMapper
  - ReachabilitySwift
  - SnapKit
  - SQLite.swift
  - SwiftDate
  - SwiftyBeaver
  - SwiftyJSON
  - Zip

SPEC REPOS:
  https://github.com/cocoapods/specs.git:
    - Alamofire
    - Crashlytics
    - Down
    - Fabric
    - Kingfisher
    - MASPreferences
    - MASShortcut
    - Moya
    - OAuthSwift
    - ObjectMapper
    - ReachabilitySwift
    - Result
    - SnapKit
    - SQLite.swift
    - SwiftDate
    - SwiftyBeaver
    - SwiftyJSON
    - Zip

EXTERNAL SOURCES:
  FlatButton:
    :git: https://github.com/OskarGroth/FlatButton.git

CHECKOUT OPTIONS:
  FlatButton:
    :commit: d2adc605a469168df148d000c50d78ed8aae0bf3
    :git: https://github.com/OskarGroth/FlatButton.git

SPEC CHECKSUMS:
  Alamofire: e4fa87002c137ba2d8d634d2c51fabcda0d5c223
  Crashlytics: 2aea305161a2122492698c75af27f2b98aa49a25
  Down: 587371ad58002b06023d9c602519216862c3acbc
  Fabric: fba4684a95df789565b0b27fc5b6e68f1755af32
  FlatButton: d894cd742a908be216ae1a3e90542fbe82ba3768
  Kingfisher: 976d828df2b24834c6a3f2fc4d82cdbd26552be1
  MASPreferences: c08b8622dd17b47da87669e741efd7c92e970e8c
  MASShortcut: 9c215e8a8a78f3d01ce56da48e2730ab66b538fa
  Moya: a725035953bc1c0eb1be505ab903984501d82440
  OAuthSwift: 27b34fe80b76b67cd8f45571e0be2432bc9f6de1
  ObjectMapper: b612bf8c8e99c4dc0bb6013a51f7c27966ed5da9
  ReachabilitySwift: 6849231cd4e06559f3b9ef4a97a0a0f96d41e09f
  Result: d2d07204ce72856f1fd9130bbe42c35a7b0fea10
  SnapKit: a42d492c16e80209130a3379f73596c3454b7694
  SQLite.swift: 6e5356850bb1791459f8c16d6ee9195b28714a2e
  SwiftDate: 7b56d42a221f582047287deb256b23fc5ed49a60
  SwiftyBeaver: e45759613e50b522b0e6f53b1f0f14389b45ca34
  SwiftyJSON: c29297daf073d2aa016295d5809cdd68045c39b3
  Zip: 8877eede3dda76bcac281225c20e71c25270774c

PODFILE CHECKSUM: d518e441fb3e6f653afeafc6227e12dbca8a1f65

COCOAPODS: 1.5.3
